{
  "requires": true,
  "lockfileVersion": 1,
  "dependencies": {
    "angular-2-local-storage": {
      "version": "3.0.2",
      "resolved": "https://registry.npmjs.org/angular-2-local-storage/-/angular-2-local-storage-3.0.2.tgz",
      "integrity": "sha512-WZW5YKB8URkFJcLwTvXYgtE0lO3ok61niNy/s4gFTlCeEG1N0o9xhTf7/Ps65PKRp4QW6V68MAKXhpqASGd/yg==",
      "requires": {
        "tslib": "^1.9.0"
      }
    },
    "tslib": {
      "version": "1.14.1",
      "resolved": "https://registry.npmjs.org/tslib/-/tslib-1.14.1.tgz",
      "integrity": "sha512-Xni35NKzjgMrwevysHTCArtLDpPvye8zV/0E4EyYn43P7/7qvQwPh9BGkHewbMulVntbigmcT7rdX3BNo9wRJg=="
    }
  }
}
